
Microsoft Visual Studio Solution File, Format Version 12.00
# Visual Studio Version 16
VisualStudioVersion = 16.0.30114.105
MinimumVisualStudioVersion = 10.0.40219.1
Project("{FAE04EC0-301F-11D3-BF4B-00C04F79EFBC}") = "TestApp", "TestApp\TestApp.csproj", "{7FA3C9EF-8C05-40EA-80C0-CBAA7E90AC5B}"
EndProject
Project("{FAE04EC0-301F-11D3-BF4B-00C04F79EFBC}") = "WebWindowNetCore.Linux", "WebWindowNetCore.Linux\WebWindowNetCore.Linux.csproj", "{EBE5EF86-6003-42C8-B630-EFD9C02D9A27}"
EndProject
Project("{FAE04EC0-301F-11D3-BF4B-00C04F79EFBC}") = "TestGladeApp", "TestGladeApp\TestGladeApp.csproj", "{A8D2108C-45D8-4DA0-8331-EFA15A7252CE}"
EndProject
Global
	GlobalSection(SolutionConfigurationPlatforms) = preSolution
		Debug|Any CPU = Debug|Any CPU
		Release|Any CPU = Release|Any CPU
	EndGlobalSection
	GlobalSection(SolutionProperties) = preSolution
		HideSolutionNode = FALSE
	EndGlobalSection
	GlobalSection(ProjectConfigurationPlatforms) = postSolution
		{7FA3C9EF-8C05-40EA-80C0-CBAA7E90AC5B}.Debug|Any CPU.ActiveCfg = Debug|Any CPU
		{7FA3C9EF-8C05-40EA-80C0-CBAA7E90AC5B}.Debug|Any CPU.Build.0 = Debug|Any CPU
		{7FA3C9EF-8C05-40EA-80C0-CBAA7E90AC5B}.Release|Any CPU.ActiveCfg = Release|Any CPU
		{7FA3C9EF-8C05-40EA-80C0-CBAA7E90AC5B}.Release|Any CPU.Build.0 = Release|Any CPU
		{EBE5EF86-6003-42C8-B630-EFD9C02D9A27}.Debug|Any CPU.ActiveCfg = Debug|Any CPU
		{EBE5EF86-6003-42C8-B630-EFD9C02D9A27}.Debug|Any CPU.Build.0 = Debug|Any CPU
		{EBE5EF86-6003-42C8-B630-EFD9C02D9A27}.Release|Any CPU.ActiveCfg = Release|Any CPU
		{EBE5EF86-6003-42C8-B630-EFD9C02D9A27}.Release|Any CPU.Build.0 = Release|Any CPU
		{A8D2108C-45D8-4DA0-8331-EFA15A7252CE}.Debug|Any CPU.ActiveCfg = Debug|Any CPU
		{A8D2108C-45D8-4DA0-8331-EFA15A7252CE}.Debug|Any CPU.Build.0 = Debug|Any CPU
		{A8D2108C-45D8-4DA0-8331-EFA15A7252CE}.Release|Any CPU.ActiveCfg = Release|Any CPU
		{A8D2108C-45D8-4DA0-8331-EFA15A7252CE}.Release|Any CPU.Build.0 = Release|Any CPU
	EndGlobalSection
EndGlobal
